
Microsoft Visual Studio Solution File, Format Version 12.00
# Visual Studio Version 17
VisualStudioVersion = 17.7.34202.233
MinimumVisualStudioVersion = 10.0.40219.1
Project("{9A19103F-16F7-4668-BE54-9A1E7A4F7556}") = "NoteAppUI", "NoteAppUI\NoteAppUI.csproj", "{87B977C7-2B7C-4DE2-BA7A-6E60A6EFD9BB}"
EndProject
Project("{9A19103F-16F7-4668-BE54-9A1E7A4F7556}") = "NoteApp", "NoteApp\NoteApp.csproj", "{38874079-7FD3-42F7-807A-76FE9A8C1F6B}"
EndProject
Project("{FAE04EC0-301F-11D3-BF4B-00C04F79EFBC}") = "NoteAppUnitTests", "TestProject2\NoteAppUnitTests.csproj", "{BF5D1D56-27C3-4973-91C7-33C121602D53}"
EndProject
Global
	GlobalSection(SolutionConfigurationPlatforms) = preSolution
		Debug|Any CPU = Debug|Any CPU
		Release|Any CPU = Release|Any CPU
	EndGlobalSection
	GlobalSection(ProjectConfigurationPlatforms) = postSolution
		{87B977C7-2B7C-4DE2-BA7A-6E60A6EFD9BB}.Debug|Any CPU.ActiveCfg = Debug|Any CPU
		{87B977C7-2B7C-4DE2-BA7A-6E60A6EFD9BB}.Debug|Any CPU.Build.0 = Debug|Any CPU
		{87B977C7-2B7C-4DE2-BA7A-6E60A6EFD9BB}.Release|Any CPU.ActiveCfg = Release|Any CPU
		{87B977C7-2B7C-4DE2-BA7A-6E60A6EFD9BB}.Release|Any CPU.Build.0 = Release|Any CPU
		{38874079-7FD3-42F7-807A-76FE9A8C1F6B}.Debug|Any CPU.ActiveCfg = Debug|Any CPU
		{38874079-7FD3-42F7-807A-76FE9A8C1F6B}.Debug|Any CPU.Build.0 = Debug|Any CPU
		{38874079-7FD3-42F7-807A-76FE9A8C1F6B}.Release|Any CPU.ActiveCfg = Release|Any CPU
		{38874079-7FD3-42F7-807A-76FE9A8C1F6B}.Release|Any CPU.Build.0 = Release|Any CPU
		{BF5D1D56-27C3-4973-91C7-33C121602D53}.Debug|Any CPU.ActiveCfg = Debug|Any CPU
		{BF5D1D56-27C3-4973-91C7-33C121602D53}.Debug|Any CPU.Build.0 = Debug|Any CPU
		{BF5D1D56-27C3-4973-91C7-33C121602D53}.Release|Any CPU.ActiveCfg = Release|Any CPU
		{BF5D1D56-27C3-4973-91C7-33C121602D53}.Release|Any CPU.Build.0 = Release|Any CPU
	EndGlobalSection
	GlobalSection(SolutionProperties) = preSolution
		HideSolutionNode = FALSE
	EndGlobalSection
	GlobalSection(ExtensibilityGlobals) = postSolution
		SolutionGuid = {F538E831-72CC-40CE-812F-F0479D9834E2}
	EndGlobalSection
EndGlobal
